
Microsoft Visual Studio Solution File, Format Version 12.00
# Visual Studio Version 16
VisualStudioVersion = 16.0.30907.101
MinimumVisualStudioVersion = 10.0.40219.1
Project("{FAE04EC0-301F-11D3-BF4B-00C04F79EFBC}") = "MyDictionary", "MyDictionary\MyDictionary.csproj", "{725F9D00-F803-4250-BFE1-5E74EA81F64D}"
EndProject
Global
	GlobalSection(SolutionConfigurationPlatforms) = preSolution
		Debug|Any CPU = Debug|Any CPU
		Release|Any CPU = Release|Any CPU
	EndGlobalSection
	GlobalSection(ProjectConfigurationPlatforms) = postSolution
		{725F9D00-F803-4250-BFE1-5E74EA81F64D}.Debug|Any CPU.ActiveCfg = Debug|Any CPU
		{725F9D00-F803-4250-BFE1-5E74EA81F64D}.Debug|Any CPU.Build.0 = Debug|Any CPU
		{725F9D00-F803-4250-BFE1-5E74EA81F64D}.Release|Any CPU.ActiveCfg = Release|Any CPU
		{725F9D00-F803-4250-BFE1-5E74EA81F64D}.Release|Any CPU.Build.0 = Release|Any CPU
	EndGlobalSection
	GlobalSection(SolutionProperties) = preSolution
		HideSolutionNode = FALSE
	EndGlobalSection
	GlobalSection(ExtensibilityGlobals) = postSolution
		SolutionGuid = {C3EE63F9-849B-4241-ABCF-791FAC1F9CDF}
	EndGlobalSection
EndGlobal
